
Microsoft Visual Studio Solution File, Format Version 12.00
# Visual Studio 15
VisualStudioVersion = 15.0.28010.2036
MinimumVisualStudioVersion = 10.0.40219.1
Project("{9A19103F-16F7-4668-BE54-9A1E7A4F7556}") = "OdeToFood", "OdeToFood\OdeToFood.csproj", "{50B43076-B3DC-4DB8-91B7-151CE37BBA85}"
EndProject
Project("{9A19103F-16F7-4668-BE54-9A1E7A4F7556}") = "EmployeeTest", "Person Test Project\EmployeeTest.csproj", "{15D849F3-ACA7-4B75-B8A4-7CC84D65717B}"
EndProject
Project("{9A19103F-16F7-4668-BE54-9A1E7A4F7556}") = "PersonApp", "PersonApp\PersonApp.csproj", "{EAFB8329-29CC-41BB-BBDA-429C3C2B7DF8}"
EndProject
Project("{FAE04EC0-301F-11D3-BF4B-00C04F79EFBC}") = "DevicesManager", "Devices\DevicesManager.csproj", "{79DF6DA7-2899-4F6F-94FA-F12D24CC943F}"
EndProject
Global
	GlobalSection(SolutionConfigurationPlatforms) = preSolution
		Debug|Any CPU = Debug|Any CPU
		Release|Any CPU = Release|Any CPU
	EndGlobalSection
	GlobalSection(ProjectConfigurationPlatforms) = postSolution
		{50B43076-B3DC-4DB8-91B7-151CE37BBA85}.Debug|Any CPU.ActiveCfg = Debug|Any CPU
		{50B43076-B3DC-4DB8-91B7-151CE37BBA85}.Debug|Any CPU.Build.0 = Debug|Any CPU
		{50B43076-B3DC-4DB8-91B7-151CE37BBA85}.Release|Any CPU.ActiveCfg = Release|Any CPU
		{50B43076-B3DC-4DB8-91B7-151CE37BBA85}.Release|Any CPU.Build.0 = Release|Any CPU
		{15D849F3-ACA7-4B75-B8A4-7CC84D65717B}.Debug|Any CPU.ActiveCfg = Debug|Any CPU
		{15D849F3-ACA7-4B75-B8A4-7CC84D65717B}.Debug|Any CPU.Build.0 = Debug|Any CPU
		{15D849F3-ACA7-4B75-B8A4-7CC84D65717B}.Release|Any CPU.ActiveCfg = Release|Any CPU
		{15D849F3-ACA7-4B75-B8A4-7CC84D65717B}.Release|Any CPU.Build.0 = Release|Any CPU
		{EAFB8329-29CC-41BB-BBDA-429C3C2B7DF8}.Debug|Any CPU.ActiveCfg = Debug|Any CPU
		{EAFB8329-29CC-41BB-BBDA-429C3C2B7DF8}.Debug|Any CPU.Build.0 = Debug|Any CPU
		{EAFB8329-29CC-41BB-BBDA-429C3C2B7DF8}.Release|Any CPU.ActiveCfg = Release|Any CPU
		{EAFB8329-29CC-41BB-BBDA-429C3C2B7DF8}.Release|Any CPU.Build.0 = Release|Any CPU
		{79DF6DA7-2899-4F6F-94FA-F12D24CC943F}.Debug|Any CPU.ActiveCfg = Debug|Any CPU
		{79DF6DA7-2899-4F6F-94FA-F12D24CC943F}.Debug|Any CPU.Build.0 = Debug|Any CPU
		{79DF6DA7-2899-4F6F-94FA-F12D24CC943F}.Release|Any CPU.ActiveCfg = Release|Any CPU
		{79DF6DA7-2899-4F6F-94FA-F12D24CC943F}.Release|Any CPU.Build.0 = Release|Any CPU
	EndGlobalSection
	GlobalSection(SolutionProperties) = preSolution
		HideSolutionNode = FALSE
	EndGlobalSection
	GlobalSection(ExtensibilityGlobals) = postSolution
		SolutionGuid = {6916DB25-56D7-4A53-852E-23B8CFC54536}
	EndGlobalSection
EndGlobal
